
Microsoft Visual Studio Solution File, Format Version 12.00
# Visual Studio Version 17
VisualStudioVersion = 17.14.36109.1 d17.14
MinimumVisualStudioVersion = 10.0.40219.1
Project("{FAE04EC0-301F-11D3-BF4B-00C04F79EFBC}") = "docx-to-pdf-converter", "docx-to-pdf-converter.csproj", "{18CF333D-40C4-4CDE-B471-5502316054C9}"
EndProject
Global
	GlobalSection(SolutionConfigurationPlatforms) = preSolution
		Debug|Any CPU = Debug|Any CPU
		Release|Any CPU = Release|Any CPU
	EndGlobalSection
	GlobalSection(ProjectConfigurationPlatforms) = postSolution
		{18CF333D-40C4-4CDE-B471-5502316054C9}.Debug|Any CPU.ActiveCfg = Debug|Any CPU
		{18CF333D-40C4-4CDE-B471-5502316054C9}.Debug|Any CPU.Build.0 = Debug|Any CPU
		{18CF333D-40C4-4CDE-B471-5502316054C9}.Release|Any CPU.ActiveCfg = Release|Any CPU
		{18CF333D-40C4-4CDE-B471-5502316054C9}.Release|Any CPU.Build.0 = Release|Any CPU
	EndGlobalSection
	GlobalSection(SolutionProperties) = preSolution
		HideSolutionNode = FALSE
	EndGlobalSection
	GlobalSection(ExtensibilityGlobals) = postSolution
		SolutionGuid = {DB41A9B9-1F7C-4C1A-A968-BA84041DEA23}
	EndGlobalSection
EndGlobal
